{
  "requires": true,
  "lockfileVersion": 1,
  "dependencies": {
    "@stripe/stripe-js": {
      "version": "1.9.0",
      "resolved": "https://registry.npmjs.org/@stripe/stripe-js/-/stripe-js-1.9.0.tgz",
      "integrity": "sha512-/8+zfeRHlsEsxj0qmq9qbrnyF3fx+r97sDxfv7kqOyZFUFzC7DBwQwZlmss6XiV3ez5vz1G1QIjEW29PmLmsAw=="
    }
  }
}
